
Microsoft Visual Studio Solution File, Format Version 12.00
# Visual Studio Version 17
VisualStudioVersion = 17.3.32929.385
MinimumVisualStudioVersion = 10.0.40219.1
Project("{FAE04EC0-301F-11D3-BF4B-00C04F79EFBC}") = "KursALX", "KursALX\KursALX.csproj", "{74608604-B851-4B63-AFC2-51E8BBB12BF0}"
EndProject
Global
	GlobalSection(SolutionConfigurationPlatforms) = preSolution
		Debug|Any CPU = Debug|Any CPU
		Release|Any CPU = Release|Any CPU
	EndGlobalSection
	GlobalSection(ProjectConfigurationPlatforms) = postSolution
		{74608604-B851-4B63-AFC2-51E8BBB12BF0}.Debug|Any CPU.ActiveCfg = Debug|Any CPU
		{74608604-B851-4B63-AFC2-51E8BBB12BF0}.Debug|Any CPU.Build.0 = Debug|Any CPU
		{74608604-B851-4B63-AFC2-51E8BBB12BF0}.Release|Any CPU.ActiveCfg = Release|Any CPU
		{74608604-B851-4B63-AFC2-51E8BBB12BF0}.Release|Any CPU.Build.0 = Release|Any CPU
	EndGlobalSection
	GlobalSection(SolutionProperties) = preSolution
		HideSolutionNode = FALSE
	EndGlobalSection
	GlobalSection(ExtensibilityGlobals) = postSolution
		SolutionGuid = {E93F0540-B485-49DA-9015-C6EF26CB3A7F}
	EndGlobalSection
EndGlobal
